
Microsoft Visual Studio Solution File, Format Version 12.00
# Visual Studio Version 17
VisualStudioVersion = 17.4.33213.308
MinimumVisualStudioVersion = 10.0.40219.1
Project("{FAE04EC0-301F-11D3-BF4B-00C04F79EFBC}") = "modul4_1302213121", "modul4_1302213121\modul4_1302213121.csproj", "{B3489CA6-7C04-4C2C-9FD7-6027EDA927B3}"
EndProject
Global
	GlobalSection(SolutionConfigurationPlatforms) = preSolution
		Debug|Any CPU = Debug|Any CPU
		Release|Any CPU = Release|Any CPU
	EndGlobalSection
	GlobalSection(ProjectConfigurationPlatforms) = postSolution
		{B3489CA6-7C04-4C2C-9FD7-6027EDA927B3}.Debug|Any CPU.ActiveCfg = Debug|Any CPU
		{B3489CA6-7C04-4C2C-9FD7-6027EDA927B3}.Debug|Any CPU.Build.0 = Debug|Any CPU
		{B3489CA6-7C04-4C2C-9FD7-6027EDA927B3}.Release|Any CPU.ActiveCfg = Release|Any CPU
		{B3489CA6-7C04-4C2C-9FD7-6027EDA927B3}.Release|Any CPU.Build.0 = Release|Any CPU
	EndGlobalSection
	GlobalSection(SolutionProperties) = preSolution
		HideSolutionNode = FALSE
	EndGlobalSection
	GlobalSection(ExtensibilityGlobals) = postSolution
		SolutionGuid = {B3259977-D83C-499D-B7B0-624F20947C79}
	EndGlobalSection
EndGlobal
